
Microsoft Visual Studio Solution File, Format Version 12.00
# Visual Studio 15
VisualStudioVersion = 15.0.26403.7
MinimumVisualStudioVersion = 10.0.40219.1
Project("{FAE04EC0-301F-11D3-BF4B-00C04F79EFBC}") = "UnicodeTristanR", "UnicodeTristanR\UnicodeTristanR.csproj", "{A379B68A-7671-40C8-A810-DE845C656E9A}"
EndProject
Global
	GlobalSection(SolutionConfigurationPlatforms) = preSolution
		Debug|Any CPU = Debug|Any CPU
		Release|Any CPU = Release|Any CPU
	EndGlobalSection
	GlobalSection(ProjectConfigurationPlatforms) = postSolution
		{A379B68A-7671-40C8-A810-DE845C656E9A}.Debug|Any CPU.ActiveCfg = Debug|Any CPU
		{A379B68A-7671-40C8-A810-DE845C656E9A}.Debug|Any CPU.Build.0 = Debug|Any CPU
		{A379B68A-7671-40C8-A810-DE845C656E9A}.Release|Any CPU.ActiveCfg = Release|Any CPU
		{A379B68A-7671-40C8-A810-DE845C656E9A}.Release|Any CPU.Build.0 = Release|Any CPU
	EndGlobalSection
	GlobalSection(SolutionProperties) = preSolution
		HideSolutionNode = FALSE
	EndGlobalSection
EndGlobal
